{
  "nodes": {
    "bcompare5Flake": {
      "inputs": {
        "nixpkgs": "nixpkgs"
      },
      "locked": {
        "lastModified": 1779858348,
        "narHash": "sha256-tvk5SnahueW6ns+Wfeynda4Xmkvue1RxG+S0weV1OhA=",
        "owner": "W4T4r",
        "repo": "bcompare5-flake",
        "rev": "17bfa6bb5590d719b32ee917296934df5f6a875f",
        "type": "github"
      },
      "original": {
        "owner": "W4T4r",
        "repo": "bcompare5-flake",
        "type": "github"
      }
    },
    "catppuccin-kvantum-src": {
      "flake": false,
      "locked": {
        "lastModified": 1766847381,
        "narHash": "sha256-gcvCVZjVbj5fRZWaM+mZTwH/g158MH36JmMuMgCBuqQ=",
        "owner": "catppuccin",
        "repo": "kvantum",
        "rev": "71105d224fef95dd023691303477ce3eea487457",
        "type": "github"
      },
      "original": {
        "owner": "catppuccin",
        "repo": "kvantum",
        "type": "github"
      }
    },
    "catppuccinFcitx5": {
      "inputs": {
        "nixpkgs": "nixpkgs_2"
      },
      "locked": {
        "lastModified": 1774952846,
        "narHash": "sha256-AgAaoK2WiDWzsfH60MyP5a3P8AO3GjWxwbbYR1xkA8o=",
        "owner": "W4T4r",
        "repo": "catppuccin-fcitx5-flake",
        "rev": "04ee8e1c3b95eb2860e23528b6dd68201af0454e",
        "type": "github"
      },
      "original": {
        "owner": "W4T4r",
        "repo": "catppuccin-fcitx5-flake",
        "type": "github"
      }
    },
    "catppuccinGtk": {
      "inputs": {
        "nixpkgs": "nixpkgs_3"
      },
      "locked": {
        "lastModified": 1775020282,
        "narHash": "sha256-GTlNRpKkDO4V4HY46SU8G0ffldK1DH3etl4bApp/J78=",
        "owner": "W4T4r",
        "repo": "catppuccin-gtk-flake",
        "rev": "c234fe0c0b71b5ce82e0cf6359c06f22cbd40bc2",
        "type": "github"
      },
      "original": {
        "owner": "W4T4r",
        "repo": "catppuccin-gtk-flake",
        "type": "github"
      }
    },
    "catppuccinKvantum": {
      "inputs": {
        "catppuccin-kvantum-src": "catppuccin-kvantum-src",
        "nixpkgs": "nixpkgs_4"
      },
      "locked": {
        "lastModified": 1774891221,
        "narHash": "sha256-hKd+Ku5pYAI6xm0MzxTgvQFzpYQhG6xkHdjj4yEkeO4=",
        "owner": "W4T4r",
        "repo": "catppuccin-kvantum-flake",
        "rev": "93284271e8bee64184c7fcd526f5a3577a6d87bf",
        "type": "github"
      },
      "original": {
        "owner": "W4T4r",
        "repo": "catppuccin-kvantum-flake",
        "type": "github"
      }
    },
    "nixpkgs": {
      "locked": {
        "lastModified": 1773646010,
        "narHash": "sha256-iYrs97hS7p5u4lQzuNWzuALGIOdkPXvjz7bviiBjUu8=",
        "owner": "NixOS",
        "repo": "nixpkgs",
        "rev": "5b2c2d84341b2afb5647081c1386a80d7a8d8605",
        "type": "github"
      },
      "original": {
        "owner": "NixOS",
        "ref": "nixos-unstable",
        "repo": "nixpkgs",
        "type": "github"
      }
    },
    "nixpkgs_2": {
      "locked": {
        "lastModified": 1779560665,
        "narHash": "sha256-tpyBcxPpcQb8ukyNF7DoCwfSY3VPsxHoYwj00Cayv5o=",
        "owner": "NixOS",
        "repo": "nixpkgs",
        "rev": "64c08a7ca051951c8eae34e3e3cb1e202fe36786",
        "type": "github"
      },
      "original": {
        "owner": "NixOS",
        "ref": "nixos-unstable",
        "repo": "nixpkgs",
        "type": "github"
      }
    },
    "nixpkgs_3": {
      "locked": {
        "lastModified": 1715961556,
        "narHash": "sha256-+NpbZRCRisUHKQJZF3CT+xn14ZZQO+KjxIIanH3Pvn4=",
        "owner": "nixos",
        "repo": "nixpkgs",
        "rev": "4a6b83b05df1a8bd7d99095ec4b4d271f2956b64",
        "type": "github"
      },
      "original": {
        "owner": "nixos",
        "ref": "nixos-unstable",
        "repo": "nixpkgs",
        "type": "github"
      }
    },
    "nixpkgs_4": {
      "locked": {
        "lastModified": 1774709303,
        "narHash": "sha256-D3Q07BbIA2KnTcSXIqqu9P586uWxN74zNoCH3h2ESHg=",
        "owner": "NixOS",
        "repo": "nixpkgs",
        "rev": "8110df5ad7abf5d4c0f6fb0f8f978390e77f9685",
        "type": "github"
      },
      "original": {
        "owner": "NixOS",
        "ref": "nixos-unstable",
        "repo": "nixpkgs",
        "type": "github"
      }
    },
    "nixpkgs_5": {
      "locked": {
        "lastModified": 1779560665,
        "narHash": "sha256-tpyBcxPpcQb8ukyNF7DoCwfSY3VPsxHoYwj00Cayv5o=",
        "owner": "NixOS",
        "repo": "nixpkgs",
        "rev": "64c08a7ca051951c8eae34e3e3cb1e202fe36786",
        "type": "github"
      },
      "original": {
        "owner": "NixOS",
        "ref": "nixos-unstable",
        "repo": "nixpkgs",
        "type": "github"
      }
    },
    "root": {
      "inputs": {
        "bcompare5Flake": "bcompare5Flake",
        "catppuccinFcitx5": "catppuccinFcitx5",
        "catppuccinGtk": "catppuccinGtk",
        "catppuccinKvantum": "catppuccinKvantum",
        "sddmTheme": "sddmTheme"
      }
    },
    "sddmTheme": {
      "inputs": {
        "nixpkgs": "nixpkgs_5"
      },
      "locked": {
        "lastModified": 1780162010,
        "narHash": "sha256-qILqh+PLZLYN4gqpPCjYOYW0neE7uO1YyDTam+44QGM=",
        "owner": "W4T4r",
        "repo": "sddm-theme",
        "rev": "e2197632c257330a727344e83bb4c44a9605b685",
        "type": "github"
      },
      "original": {
        "owner": "W4T4r",
        "repo": "sddm-theme",
        "type": "github"
      }
    }
  },
  "root": "root",
  "version": 7
}
